
Microsoft Visual Studio Solution File, Format Version 12.00
# Visual Studio Version 16
VisualStudioVersion = 16.0.29409.12
MinimumVisualStudioVersion = 10.0.40219.1
Project("{FAE04EC0-301F-11D3-BF4B-00C04F79EFBC}") = "AdvertApi", "AdvertApi.csproj", "{22FBEA62-5EF0-4087-83F3-8C99C40C844C}"
EndProject
Project("{FAE04EC0-301F-11D3-BF4B-00C04F79EFBC}") = "AdvertApi.Models", "..\AdvertApi.Models\AdvertApi.Models.csproj", "{C99BA9F6-EDA6-4C9E-AFBE-68787C690BE3}"
EndProject
Global
	GlobalSection(SolutionConfigurationPlatforms) = preSolution
		Debug|Any CPU = Debug|Any CPU
		Release|Any CPU = Release|Any CPU
	EndGlobalSection
	GlobalSection(ProjectConfigurationPlatforms) = postSolution
		{22FBEA62-5EF0-4087-83F3-8C99C40C844C}.Debug|Any CPU.ActiveCfg = Debug|Any CPU
		{22FBEA62-5EF0-4087-83F3-8C99C40C844C}.Debug|Any CPU.Build.0 = Debug|Any CPU
		{22FBEA62-5EF0-4087-83F3-8C99C40C844C}.Release|Any CPU.ActiveCfg = Release|Any CPU
		{22FBEA62-5EF0-4087-83F3-8C99C40C844C}.Release|Any CPU.Build.0 = Release|Any CPU
		{C99BA9F6-EDA6-4C9E-AFBE-68787C690BE3}.Debug|Any CPU.ActiveCfg = Debug|Any CPU
		{C99BA9F6-EDA6-4C9E-AFBE-68787C690BE3}.Debug|Any CPU.Build.0 = Debug|Any CPU
		{C99BA9F6-EDA6-4C9E-AFBE-68787C690BE3}.Release|Any CPU.ActiveCfg = Release|Any CPU
		{C99BA9F6-EDA6-4C9E-AFBE-68787C690BE3}.Release|Any CPU.Build.0 = Release|Any CPU
	EndGlobalSection
	GlobalSection(SolutionProperties) = preSolution
		HideSolutionNode = FALSE
	EndGlobalSection
	GlobalSection(ExtensibilityGlobals) = postSolution
		SolutionGuid = {F8DE7882-770D-450D-B759-ED0CD63F4806}
	EndGlobalSection
EndGlobal
